
Microsoft Visual Studio Solution File, Format Version 12.00
# Visual Studio Version 17
VisualStudioVersion = 17.3.32929.385
MinimumVisualStudioVersion = 10.0.40219.1
Project("{9A19103F-16F7-4668-BE54-9A1E7A4F7556}") = "OOP_Giris", "OOP_Giris\OOP_Giris.csproj", "{7E5D5AAB-FA6C-43FB-9123-AF7D1A7D13B8}"
EndProject
Project("{9A19103F-16F7-4668-BE54-9A1E7A4F7556}") = "2_Class_AnotherProject", "2_Class_AnotherProject\2_Class_AnotherProject.csproj", "{053269AC-5AFB-48C7-AC81-2CECCDAB62AF}"
EndProject
Project("{9A19103F-16F7-4668-BE54-9A1E7A4F7556}") = "3_Class_EnCapsulation", "3_Class_EnCapsulation\3_Class_EnCapsulation.csproj", "{413385D7-9195-4651-8930-F7F374A38F8A}"
EndProject
Project("{9A19103F-16F7-4668-BE54-9A1E7A4F7556}") = "4_Kalitim", "4_Kalitim\4_Kalitim.csproj", "{C51726F4-86F5-4554-B4D7-7442460A5736}"
EndProject
Project("{FAE04EC0-301F-11D3-BF4B-00C04F79EFBC}") = "5_Interface", "5_Interface\5_Interface.csproj", "{2D9356DE-A97A-464B-BB1B-AF7D9767CECD}"
EndProject
Project("{9A19103F-16F7-4668-BE54-9A1E7A4F7556}") = "OOP_Lab", "Telefonlar\OOP_Lab.csproj", "{949AB3CE-97E6-4B5D-8126-43A464FAA4EE}"
EndProject
Project("{9A19103F-16F7-4668-BE54-9A1E7A4F7556}") = "7_Interface_Lab", "7_Interface_Lab\7_Interface_Lab.csproj", "{6B340D63-9DB7-493C-98D3-5EE7180D3B31}"
EndProject
Project("{9A19103F-16F7-4668-BE54-9A1E7A4F7556}") = "8_AbstractClass", "8_AbstractClass\8_AbstractClass.csproj", "{9FECA9FE-C3F6-4D7A-A18D-517BC8E63467}"
EndProject
Project("{9A19103F-16F7-4668-BE54-9A1E7A4F7556}") = "9_Polimorfizm", "9_Polimorfizm\9_Polimorfizm.csproj", "{8525648F-002D-4E37-A07F-7FADCB598543}"
EndProject
Project("{9A19103F-16F7-4668-BE54-9A1E7A4F7556}") = "10_Delegate", "10_Delegate\10_Delegate.csproj", "{DBBDC314-064D-45C4-AEDD-EF112EDED5BA}"
EndProject
Project("{FAE04EC0-301F-11D3-BF4B-00C04F79EFBC}") = "11_Event", "11_Event\11_Event.csproj", "{818B425A-3383-4537-8FB2-D297E6B44016}"
EndProject
Project("{9A19103F-16F7-4668-BE54-9A1E7A4F7556}") = "11_EventYangin", "11_EventYangin\11_EventYangin.csproj", "{8A676995-ECDA-4BF7-B997-E6DECF19A5DB}"
EndProject
Project("{9A19103F-16F7-4668-BE54-9A1E7A4F7556}") = "11_EventAraba", "11_EventAraba\11_EventAraba.csproj", "{1DB7E8F1-D780-4AF0-B4C9-207D7537511E}"
EndProject
Project("{9A19103F-16F7-4668-BE54-9A1E7A4F7556}") = "11_EventLab", "11_EventLab\11_EventLab.csproj", "{0E8F710E-4F67-4B25-862D-3DCC58F1A42C}"
EndProject
Project("{FAE04EC0-301F-11D3-BF4B-00C04F79EFBC}") = "12_SiparisOtomasyonu", "12_SiparisOtomasyonu\12_SiparisOtomasyonu.csproj", "{C56B0818-DD75-432A-88BB-515FF79BAF14}"
EndProject
Project("{9A19103F-16F7-4668-BE54-9A1E7A4F7556}") = "13_GenelTekrar", "13_GenelTekrar\13_GenelTekrar.csproj", "{428B7B92-06E6-4C7B-BFB4-A1255491B9A2}"
EndProject
Project("{9A19103F-16F7-4668-BE54-9A1E7A4F7556}") = "14_ActionDelegate", "14_ActionDelegate\14_ActionDelegate.csproj", "{2448532D-7A20-45DC-BBD1-ABFC1510CCD8}"
EndProject
Project("{FAE04EC0-301F-11D3-BF4B-00C04F79EFBC}") = "11_ArabaKumanda", "11_ArabaKumanda\11_ArabaKumanda.csproj", "{C5D887C7-BECD-4FCB-802C-708D271E381F}"
EndProject
Global
	GlobalSection(SolutionConfigurationPlatforms) = preSolution
		Debug|Any CPU = Debug|Any CPU
		Release|Any CPU = Release|Any CPU
	EndGlobalSection
	GlobalSection(ProjectConfigurationPlatforms) = postSolution
		{7E5D5AAB-FA6C-43FB-9123-AF7D1A7D13B8}.Debug|Any CPU.ActiveCfg = Debug|Any CPU
		{7E5D5AAB-FA6C-43FB-9123-AF7D1A7D13B8}.Debug|Any CPU.Build.0 = Debug|Any CPU
		{7E5D5AAB-FA6C-43FB-9123-AF7D1A7D13B8}.Release|Any CPU.ActiveCfg = Release|Any CPU
		{7E5D5AAB-FA6C-43FB-9123-AF7D1A7D13B8}.Release|Any CPU.Build.0 = Release|Any CPU
		{053269AC-5AFB-48C7-AC81-2CECCDAB62AF}.Debug|Any CPU.ActiveCfg = Debug|Any CPU
		{053269AC-5AFB-48C7-AC81-2CECCDAB62AF}.Debug|Any CPU.Build.0 = Debug|Any CPU
		{053269AC-5AFB-48C7-AC81-2CECCDAB62AF}.Release|Any CPU.ActiveCfg = Release|Any CPU
		{053269AC-5AFB-48C7-AC81-2CECCDAB62AF}.Release|Any CPU.Build.0 = Release|Any CPU
		{413385D7-9195-4651-8930-F7F374A38F8A}.Debug|Any CPU.ActiveCfg = Debug|Any CPU
		{413385D7-9195-4651-8930-F7F374A38F8A}.Debug|Any CPU.Build.0 = Debug|Any CPU
		{413385D7-9195-4651-8930-F7F374A38F8A}.Release|Any CPU.ActiveCfg = Release|Any CPU
		{413385D7-9195-4651-8930-F7F374A38F8A}.Release|Any CPU.Build.0 = Release|Any CPU
		{C51726F4-86F5-4554-B4D7-7442460A5736}.Debug|Any CPU.ActiveCfg = Debug|Any CPU
		{C51726F4-86F5-4554-B4D7-7442460A5736}.Debug|Any CPU.Build.0 = Debug|Any CPU
		{C51726F4-86F5-4554-B4D7-7442460A5736}.Release|Any CPU.ActiveCfg = Release|Any CPU
		{C51726F4-86F5-4554-B4D7-7442460A5736}.Release|Any CPU.Build.0 = Release|Any CPU
		{2D9356DE-A97A-464B-BB1B-AF7D9767CECD}.Debug|Any CPU.ActiveCfg = Debug|Any CPU
		{2D9356DE-A97A-464B-BB1B-AF7D9767CECD}.Debug|Any CPU.Build.0 = Debug|Any CPU
		{2D9356DE-A97A-464B-BB1B-AF7D9767CECD}.Release|Any CPU.ActiveCfg = Release|Any CPU
		{2D9356DE-A97A-464B-BB1B-AF7D9767CECD}.Release|Any CPU.Build.0 = Release|Any CPU
		{949AB3CE-97E6-4B5D-8126-43A464FAA4EE}.Debug|Any CPU.ActiveCfg = Debug|Any CPU
		{949AB3CE-97E6-4B5D-8126-43A464FAA4EE}.Debug|Any CPU.Build.0 = Debug|Any CPU
		{949AB3CE-97E6-4B5D-8126-43A464FAA4EE}.Release|Any CPU.ActiveCfg = Release|Any CPU
		{949AB3CE-97E6-4B5D-8126-43A464FAA4EE}.Release|Any CPU.Build.0 = Release|Any CPU
		{6B340D63-9DB7-493C-98D3-5EE7180D3B31}.Debug|Any CPU.ActiveCfg = Debug|Any CPU
		{6B340D63-9DB7-493C-98D3-5EE7180D3B31}.Debug|Any CPU.Build.0 = Debug|Any CPU
		{6B340D63-9DB7-493C-98D3-5EE7180D3B31}.Release|Any CPU.ActiveCfg = Release|Any CPU
		{6B340D63-9DB7-493C-98D3-5EE7180D3B31}.Release|Any CPU.Build.0 = Release|Any CPU
		{9FECA9FE-C3F6-4D7A-A18D-517BC8E63467}.Debug|Any CPU.ActiveCfg = Debug|Any CPU
		{9FECA9FE-C3F6-4D7A-A18D-517BC8E63467}.Debug|Any CPU.Build.0 = Debug|Any CPU
		{9FECA9FE-C3F6-4D7A-A18D-517BC8E63467}.Release|Any CPU.ActiveCfg = Release|Any CPU
		{9FECA9FE-C3F6-4D7A-A18D-517BC8E63467}.Release|Any CPU.Build.0 = Release|Any CPU
		{8525648F-002D-4E37-A07F-7FADCB598543}.Debug|Any CPU.ActiveCfg = Debug|Any CPU
		{8525648F-002D-4E37-A07F-7FADCB598543}.Debug|Any CPU.Build.0 = Debug|Any CPU
		{8525648F-002D-4E37-A07F-7FADCB598543}.Release|Any CPU.ActiveCfg = Release|Any CPU
		{8525648F-002D-4E37-A07F-7FADCB598543}.Release|Any CPU.Build.0 = Release|Any CPU
		{DBBDC314-064D-45C4-AEDD-EF112EDED5BA}.Debug|Any CPU.ActiveCfg = Debug|Any CPU
		{DBBDC314-064D-45C4-AEDD-EF112EDED5BA}.Debug|Any CPU.Build.0 = Debug|Any CPU
		{DBBDC314-064D-45C4-AEDD-EF112EDED5BA}.Release|Any CPU.ActiveCfg = Release|Any CPU
		{DBBDC314-064D-45C4-AEDD-EF112EDED5BA}.Release|Any CPU.Build.0 = Release|Any CPU
		{818B425A-3383-4537-8FB2-D297E6B44016}.Debug|Any CPU.ActiveCfg = Debug|Any CPU
		{818B425A-3383-4537-8FB2-D297E6B44016}.Debug|Any CPU.Build.0 = Debug|Any CPU
		{818B425A-3383-4537-8FB2-D297E6B44016}.Release|Any CPU.ActiveCfg = Release|Any CPU
		{818B425A-3383-4537-8FB2-D297E6B44016}.Release|Any CPU.Build.0 = Release|Any CPU
		{8A676995-ECDA-4BF7-B997-E6DECF19A5DB}.Debug|Any CPU.ActiveCfg = Debug|Any CPU
		{8A676995-ECDA-4BF7-B997-E6DECF19A5DB}.Debug|Any CPU.Build.0 = Debug|Any CPU
		{8A676995-ECDA-4BF7-B997-E6DECF19A5DB}.Release|Any CPU.ActiveCfg = Release|Any CPU
		{8A676995-ECDA-4BF7-B997-E6DECF19A5DB}.Release|Any CPU.Build.0 = Release|Any CPU
		{1DB7E8F1-D780-4AF0-B4C9-207D7537511E}.Debug|Any CPU.ActiveCfg = Debug|Any CPU
		{1DB7E8F1-D780-4AF0-B4C9-207D7537511E}.Debug|Any CPU.Build.0 = Debug|Any CPU
		{1DB7E8F1-D780-4AF0-B4C9-207D7537511E}.Release|Any CPU.ActiveCfg = Release|Any CPU
		{1DB7E8F1-D780-4AF0-B4C9-207D7537511E}.Release|Any CPU.Build.0 = Release|Any CPU
		{0E8F710E-4F67-4B25-862D-3DCC58F1A42C}.Debug|Any CPU.ActiveCfg = Debug|Any CPU
		{0E8F710E-4F67-4B25-862D-3DCC58F1A42C}.Debug|Any CPU.Build.0 = Debug|Any CPU
		{0E8F710E-4F67-4B25-862D-3DCC58F1A42C}.Release|Any CPU.ActiveCfg = Release|Any CPU
		{0E8F710E-4F67-4B25-862D-3DCC58F1A42C}.Release|Any CPU.Build.0 = Release|Any CPU
		{C56B0818-DD75-432A-88BB-515FF79BAF14}.Debug|Any CPU.ActiveCfg = Debug|Any CPU
		{C56B0818-DD75-432A-88BB-515FF79BAF14}.Debug|Any CPU.Build.0 = Debug|Any CPU
		{C56B0818-DD75-432A-88BB-515FF79BAF14}.Release|Any CPU.ActiveCfg = Release|Any CPU
		{C56B0818-DD75-432A-88BB-515FF79BAF14}.Release|Any CPU.Build.0 = Release|Any CPU
		{428B7B92-06E6-4C7B-BFB4-A1255491B9A2}.Debug|Any CPU.ActiveCfg = Debug|Any CPU
		{428B7B92-06E6-4C7B-BFB4-A1255491B9A2}.Debug|Any CPU.Build.0 = Debug|Any CPU
		{428B7B92-06E6-4C7B-BFB4-A1255491B9A2}.Release|Any CPU.ActiveCfg = Release|Any CPU
		{428B7B92-06E6-4C7B-BFB4-A1255491B9A2}.Release|Any CPU.Build.0 = Release|Any CPU
		{2448532D-7A20-45DC-BBD1-ABFC1510CCD8}.Debug|Any CPU.ActiveCfg = Debug|Any CPU
		{2448532D-7A20-45DC-BBD1-ABFC1510CCD8}.Debug|Any CPU.Build.0 = Debug|Any CPU
		{2448532D-7A20-45DC-BBD1-ABFC1510CCD8}.Release|Any CPU.ActiveCfg = Release|Any CPU
		{2448532D-7A20-45DC-BBD1-ABFC1510CCD8}.Release|Any CPU.Build.0 = Release|Any CPU
		{C5D887C7-BECD-4FCB-802C-708D271E381F}.Debug|Any CPU.ActiveCfg = Debug|Any CPU
		{C5D887C7-BECD-4FCB-802C-708D271E381F}.Debug|Any CPU.Build.0 = Debug|Any CPU
		{C5D887C7-BECD-4FCB-802C-708D271E381F}.Release|Any CPU.ActiveCfg = Release|Any CPU
		{C5D887C7-BECD-4FCB-802C-708D271E381F}.Release|Any CPU.Build.0 = Release|Any CPU
	EndGlobalSection
	GlobalSection(SolutionProperties) = preSolution
		HideSolutionNode = FALSE
	EndGlobalSection
	GlobalSection(ExtensibilityGlobals) = postSolution
		SolutionGuid = {5B63B2CE-2BA6-4F36-B458-8C936D11046A}
	EndGlobalSection
EndGlobal
